// !$*UTF8*$!
{
	archiveVersion = 1;
	classes = {
	};
	objectVersion = 51;
	objects = {

/* Begin PBXBuildFile section */
		3FE8600B8300B2D0EA6A18BC /* Pods_ChatWithGlobalRadius.framework in Frameworks */ = {isa = PBXBuildFile; fileRef = AC80AEE2AD37DCDF2E4E49A6 /* Pods_ChatWithGlobalRadius.framework */; };
		B957D7A625527C4C00D89909 /* ChatWithGlobalRadiusApp.swift in Sources */ = {isa = PBXBuildFile; fileRef = B957D7A525527C4C00D89909 /* ChatWithGlobalRadiusApp.swift */; };
		B957D7A825527C4C00D89909 /* ContentView.swift in Sources */ = {isa = PBXBuildFile; fileRef = B957D7A725527C4C00D89909 /* ContentView.swift */; };
		B957D7AA25527C4D00D89909 /* Assets.xcassets in Resources */ = {isa = PBXBuildFile; fileRef = B957D7A925527C4D00D89909 /* Assets.xcassets */; };
		B957D7AD25527C4D00D89909 /* Preview Assets.xcassets in Resources */ = {isa = PBXBuildFile; fileRef = B957D7AC25527C4D00D89909 /* Preview Assets.xcassets */; };
		B957D7B62552802700D89909 /* GoogleService-Info.plist in Resources */ = {isa = PBXBuildFile; fileRef = B957D7B52552802700D89909 /* GoogleService-Info.plist */; };
		B957D7BC2552837B00D89909 /* Home.swift in Sources */ = {isa = PBXBuildFile; fileRef = B957D7BB2552837B00D89909 /* Home.swift */; };
		B957D7D52552871000D89909 /* HomeModel.swift in Sources */ = {isa = PBXBuildFile; fileRef = B957D7D42552871000D89909 /* HomeModel.swift */; };
		B957D7D82552874A00D89909 /* MsgModel.swift in Sources */ = {isa = PBXBuildFile; fileRef = B957D7D72552874A00D89909 /* MsgModel.swift */; };
		B957D7DB25529F9000D89909 /* ChatRow.swift in Sources */ = {isa = PBXBuildFile; fileRef = B957D7DA25529F9000D89909 /* ChatRow.swift */; };
		B957D7F02552C18300D89909 /* ChatBubble.swift in Sources */ = {isa = PBXBuildFile; fileRef = B957D7EF2552C18300D89909 /* ChatBubble.swift */; };
/* End PBXBuildFile section */

/* Begin PBXFileReference section */
		254148CC585DEFD7390A7C93 /* Pods-ChatWithGlobalRadius.release.xcconfig */ = {isa = PBXFileReference; includeInIndex = 1; lastKnownFileType = text.xcconfig; name = "Pods-ChatWithGlobalRadius.release.xcconfig"; path = "Target Support Files/Pods-ChatWithGlobalRadius/Pods-ChatWithGlobalRadius.release.xcconfig"; sourceTree = "<group>"; };
		AC80AEE2AD37DCDF2E4E49A6 /* Pods_ChatWithGlobalRadius.framework */ = {isa = PBXFileReference; explicitFileType = wrapper.framework; includeInIndex = 0; path = Pods_ChatWithGlobalRadius.framework; sourceTree = BUILT_PRODUCTS_DIR; };
		B957D7A225527C4C00D89909 /* ChatWithGlobalRadius.app */ = {isa = PBXFileReference; explicitFileType = wrapper.application; includeInIndex = 0; path = ChatWithGlobalRadius.app; sourceTree = BUILT_PRODUCTS_DIR; };
		B957D7A525527C4C00D89909 /* ChatWithGlobalRadiusApp.swift */ = {isa = PBXFileReference; lastKnownFileType = sourcecode.swift; path = ChatWithGlobalRadiusApp.swift; sourceTree = "<group>"; };
		B957D7A725527C4C00D89909 /* ContentView.swift */ = {isa = PBXFileReference; lastKnownFileType = sourcecode.swift; path = ContentView.swift; sourceTree = "<group>"; };
		B957D7A925527C4D00D89909 /* Assets.xcassets */ = {isa = PBXFileReference; lastKnownFileType = folder.assetcatalog; path = Assets.xcassets; sourceTree = "<group>"; };
		B957D7AC25527C4D00D89909 /* Preview Assets.xcassets */ = {isa = PBXFileReference; lastKnownFileType = folder.assetcatalog; path = "Preview Assets.xcassets"; sourceTree = "<group>"; };
		B957D7AE25527C4D00D89909 /* Info.plist */ = {isa = PBXFileReference; lastKnownFileType = text.plist.xml; path = Info.plist; sourceTree = "<group>"; };
		B957D7B52552802700D89909 /* GoogleService-Info.plist */ = {isa = PBXFileReference; fileEncoding = 4; lastKnownFileType = text.plist.xml; name = "GoogleService-Info.plist"; path = "../../../Downloads/GoogleService-Info.plist"; sourceTree = "<group>"; };
		B957D7BB2552837B00D89909 /* Home.swift */ = {isa = PBXFileReference; lastKnownFileType = sourcecode.swift; path = Home.swift; sourceTree = "<group>"; };
		B957D7D42552871000D89909 /* HomeModel.swift */ = {isa = PBXFileReference; lastKnownFileType = sourcecode.swift; path = HomeModel.swift; sourceTree = "<group>"; };
		B957D7D72552874A00D89909 /* MsgModel.swift */ = {isa = PBXFileReference; lastKnownFileType = sourcecode.swift; path = MsgModel.swift; sourceTree = "<group>"; };
		B957D7DA25529F9000D89909 /* ChatRow.swift */ = {isa = PBXFileReference; lastKnownFileType = sourcecode.swift; path = ChatRow.swift; sourceTree = "<group>"; };
		B957D7EF2552C18300D89909 /* ChatBubble.swift */ = {isa = PBXFileReference; lastKnownFileType = sourcecode.swift; path = ChatBubble.swift; sourceTree = "<group>"; };
		E08F1BCBCA89DB51B9806C40 /* Pods-ChatWithGlobalRadius.debug.xcconfig */ = {isa = PBXFileReference; includeInIndex = 1; lastKnownFileType = text.xcconfig; name = "Pods-ChatWithGlobalRadius.debug.xcconfig"; path = "Target Support Files/Pods-ChatWithGlobalRadius/Pods-ChatWithGlobalRadius.debug.xcconfig"; sourceTree = "<group>"; };
/* End PBXFileReference section */

/* Begin PBXFrameworksBuildPhase section */
		B957D79F25527C4C00D89909 /* Frameworks */ = {
			isa = PBXFrameworksBuildPhase;
			buildActionMask = 2147483647;
			files = (
				3FE8600B8300B2D0EA6A18BC /* Pods_ChatWithGlobalRadius.framework in Frameworks */,
			);
			runOnlyForDeploymentPostprocessing = 0;
		};
/* End PBXFrameworksBuildPhase section */

/* Begin PBXGroup section */
		A3C6028274CEE7BC2CC8EA98 /* Pods */ = {
			isa = PBXGroup;
			children = (
				E08F1BCBCA89DB51B9806C40 /* Pods-ChatWithGlobalRadius.debug.xcconfig */,
				254148CC585DEFD7390A7C93 /* Pods-ChatWithGlobalRadius.release.xcconfig */,
			);
			path = Pods;
			sourceTree = "<group>";
		};
		B957D79925527C4C00D89909 = {
			isa = PBXGroup;
			children = (
				B957D7A425527C4C00D89909 /* ChatWithGlobalRadius */,
				B957D7A325527C4C00D89909 /* Products */,
				A3C6028274CEE7BC2CC8EA98 /* Pods */,
				FFFF98FFCC5125ACB292775C /* Frameworks */,
			);
			sourceTree = "<group>";
		};
		B957D7A325527C4C00D89909 /* Products */ = {
			isa = PBXGroup;
			children = (
				B957D7A225527C4C00D89909 /* ChatWithGlobalRadius.app */,
			);
			name = Products;
			sourceTree = "<group>";
		};
		B957D7A425527C4C00D89909 /* ChatWithGlobalRadius */ = {
			isa = PBXGroup;
			children = (
				B957D7BA2552836900D89909 /* Models */,
				B957D7B92552836100D89909 /* Views */,
				B957D7A525527C4C00D89909 /* ChatWithGlobalRadiusApp.swift */,
				B957D7A925527C4D00D89909 /* Assets.xcassets */,
				B957D7AE25527C4D00D89909 /* Info.plist */,
				B957D7B52552802700D89909 /* GoogleService-Info.plist */,
				B957D7AB25527C4D00D89909 /* Preview Content */,
			);
			path = ChatWithGlobalRadius;
			sourceTree = "<group>";
		};
		B957D7AB25527C4D00D89909 /* Preview Content */ = {
			isa = PBXGroup;
			children = (
				B957D7AC25527C4D00D89909 /* Preview Assets.xcassets */,
			);
			path = "Preview Content";
			sourceTree = "<group>";
		};
		B957D7B92552836100D89909 /* Views */ = {
			isa = PBXGroup;
			children = (
				B957D7BB2552837B00D89909 /* Home.swift */,
				B957D7A725527C4C00D89909 /* ContentView.swift */,
				B957D7DA25529F9000D89909 /* ChatRow.swift */,
				B957D7EF2552C18300D89909 /* ChatBubble.swift */,
			);
			path = Views;
			sourceTree = "<group>";
		};
		B957D7BA2552836900D89909 /* Models */ = {
			isa = PBXGroup;
			children = (
				B957D7D42552871000D89909 /* HomeModel.swift */,
				B957D7D72552874A00D89909 /* MsgModel.swift */,
			);
			path = Models;
			sourceTree = "<group>";
		};
		FFFF98FFCC5125ACB292775C /* Frameworks */ = {
			isa = PBXGroup;
			children = (
				AC80AEE2AD37DCDF2E4E49A6 /* Pods_ChatWithGlobalRadius.framework */,
			);
			name = Frameworks;
			sourceTree = "<group>";
		};
/* End PBXGroup section */

/* Begin PBXNativeTarget section */
		B957D7A125527C4C00D89909 /* ChatWithGlobalRadius */ = {
			isa = PBXNativeTarget;
			buildConfigurationList = B957D7B125527C4D00D89909 /* Build configuration list for PBXNativeTarget "ChatWithGlobalRadius" */;
			buildPhases = (
				AE90D3B9A10670241DBF8577 /* [CP] Check Pods Manifest.lock */,
				B957D79E25527C4C00D89909 /* Sources */,
				B957D79F25527C4C00D89909 /* Frameworks */,
				B957D7A025527C4C00D89909 /* Resources */,
				E4495AA4D57AEE423467751D /* [CP] Embed Pods Frameworks */,
			);
			buildRules = (
			);
			dependencies = (
			);
			name = ChatWithGlobalRadius;
			productName = ChatWithGlobalRadius;
			productReference = B957D7A225527C4C00D89909 /* ChatWithGlobalRadius.app */;
			productType = "com.apple.product-type.application";
		};
/* End PBXNativeTarget section */

/* Begin PBXProject section */
		B957D79A25527C4C00D89909 /* Project object */ = {
			isa = PBXProject;
			attributes = {
				LastSwiftUpdateCheck = 1210;
				LastUpgradeCheck = 1210;
				TargetAttributes = {
					B957D7A125527C4C00D89909 = {
						CreatedOnToolsVersion = 12.1;
					};
				};
			};
			buildConfigurationList = B957D79D25527C4C00D89909 /* Build configuration list for PBXProject "ChatWithGlobalRadius" */;
			compatibilityVersion = "Xcode 9.3";
			developmentRegion = en;
			hasScannedForEncodings = 0;
			knownRegions = (
				en,
				Base,
			);
			mainGroup = B957D79925527C4C00D89909;
			productRefGroup = B957D7A325527C4C00D89909 /* Products */;
			projectDirPath = "";
			projectRoot = "";
			targets = (
				B957D7A125527C4C00D89909 /* ChatWithGlobalRadius */,
			);
		};
/* End PBXProject section */

/* Begin PBXResourcesBuildPhase section */
		B957D7A025527C4C00D89909 /* Resources */ = {
			isa = PBXResourcesBuildPhase;
			buildActionMask = 2147483647;
			files = (
				B957D7AD25527C4D00D89909 /* Preview Assets.xcassets in Resources */,
				B957D7AA25527C4D00D89909 /* Assets.xcassets in Resources */,
				B957D7B62552802700D89909 /* GoogleService-Info.plist in Resources */,
			);
			runOnlyForDeploymentPostprocessing = 0;
		};
/* End PBXResourcesBuildPhase section */

/* Begin PBXShellScriptBuildPhase section */
		AE90D3B9A10670241DBF8577 /* [CP] Check Pods Manifest.lock */ = {
			isa = PBXShellScriptBuildPhase;
			buildActionMask = 2147483647;
			files = (
			);
			inputFileListPaths = (
			);
			inputPaths = (
				"${PODS_PODFILE_DIR_PATH}/Podfile.lock",
				"${PODS_ROOT}/Manifest.lock",
			);
			name = "[CP] Check Pods Manifest.lock";
			outputFileListPaths = (
			);
			outputPaths = (
				"$(DERIVED_FILE_DIR)/Pods-ChatWithGlobalRadius-checkManifestLockResult.txt",
			);
			runOnlyForDeploymentPostprocessing = 0;
			shellPath = /bin/sh;
			shellScript = "diff \"${PODS_PODFILE_DIR_PATH}/Podfile.lock\" \"${PODS_ROOT}/Manifest.lock\" > /dev/null\nif [ $? != 0 ] ; then\n    # print error to STDERR\n    echo \"error: The sandbox is not in sync with the Podfile.lock. Run 'pod install' or update your CocoaPods installation.\" >&2\n    exit 1\nfi\n# This output is used by Xcode 'outputs' to avoid re-running this script phase.\necho \"SUCCESS\" > \"${SCRIPT_OUTPUT_FILE_0}\"\n";
			showEnvVarsInLog = 0;
		};
		E4495AA4D57AEE423467751D /* [CP] Embed Pods Frameworks */ = {
			isa = PBXShellScriptBuildPhase;
			buildActionMask = 2147483647;
			files = (
			);
			inputFileListPaths = (
				"${PODS_ROOT}/Target Support Files/Pods-ChatWithGlobalRadius/Pods-ChatWithGlobalRadius-frameworks-${CONFIGURATION}-input-files.xcfilelist",
			);
			name = "[CP] Embed Pods Frameworks";
			outputFileListPaths = (
				"${PODS_ROOT}/Target Support Files/Pods-ChatWithGlobalRadius/Pods-ChatWithGlobalRadius-frameworks-${CONFIGURATION}-output-files.xcfilelist",
			);
			runOnlyForDeploymentPostprocessing = 0;
			shellPath = /bin/sh;
			shellScript = "\"${PODS_ROOT}/Target Support Files/Pods-ChatWithGlobalRadius/Pods-ChatWithGlobalRadius-frameworks.sh\"\n";
			showEnvVarsInLog = 0;
		};
/* End PBXShellScriptBuildPhase section */

/* Begin PBXSourcesBuildPhase section */
		B957D79E25527C4C00D89909 /* Sources */ = {
			isa = PBXSourcesBuildPhase;
			buildActionMask = 2147483647;
			files = (
				B957D7D52552871000D89909 /* HomeModel.swift in Sources */,
				B957D7D82552874A00D89909 /* MsgModel.swift in Sources */,
				B957D7A825527C4C00D89909 /* ContentView.swift in Sources */,
				B957D7BC2552837B00D89909 /* Home.swift in Sources */,
				B957D7DB25529F9000D89909 /* ChatRow.swift in Sources */,
				B957D7A625527C4C00D89909 /* ChatWithGlobalRadiusApp.swift in Sources */,
				B957D7F02552C18300D89909 /* ChatBubble.swift in Sources */,
			);
			runOnlyForDeploymentPostprocessing = 0;
		};
/* End PBXSourcesBuildPhase section */

/* Begin XCBuildConfiguration section */
		B957D7AF25527C4D00D89909 /* Debug */ = {
			isa = XCBuildConfiguration;
			buildSettings = {
				ALWAYS_SEARCH_USER_PATHS = NO;
				CLANG_ANALYZER_NONNULL = YES;
				CLANG_ANALYZER_NUMBER_OBJECT_CONVERSION = YES_AGGRESSIVE;
				CLANG_CXX_LANGUAGE_STANDARD = "gnu++14";
				CLANG_CXX_LIBRARY = "libc++";
				CLANG_ENABLE_MODULES = YES;
				CLANG_ENABLE_OBJC_ARC = YES;
				CLANG_ENABLE_OBJC_WEAK = YES;
				CLANG_WARN_BLOCK_CAPTURE_AUTORELEASING = YES;
				CLANG_WARN_BOOL_CONVERSION = YES;
				CLANG_WARN_COMMA = YES;
				CLANG_WARN_CONSTANT_CONVERSION = YES;
				CLANG_WARN_DEPRECATED_OBJC_IMPLEMENTATIONS = YES;
				CLANG_WARN_DIRECT_OBJC_ISA_USAGE = YES_ERROR;
				CLANG_WARN_DOCUMENTATION_COMMENTS = YES;
				CLANG_WARN_EMPTY_BODY = YES;
				CLANG_WARN_ENUM_CONVERSION = YES;
				CLANG_WARN_INFINITE_RECURSION = YES;
				CLANG_WARN_INT_CONVERSION = YES;
				CLANG_WARN_NON_LITERAL_NULL_CONVERSION = YES;
				CLANG_WARN_OBJC_IMPLICIT_RETAIN_SELF = YES;
				CLANG_WARN_OBJC_LITERAL_CONVERSION = YES;
				CLANG_WARN_OBJC_ROOT_CLASS = YES_ERROR;
				CLANG_WARN_QUOTED_INCLUDE_IN_FRAMEWORK_HEADER = YES;
				CLANG_WARN_RANGE_LOOP_ANALYSIS = YES;
				CLANG_WARN_STRICT_PROTOTYPES = YES;
				CLANG_WARN_SUSPICIOUS_MOVE = YES;
				CLANG_WARN_UNGUARDED_AVAILABILITY = YES_AGGRESSIVE;
				CLANG_WARN_UNREACHABLE_CODE = YES;
				CLANG_WARN__DUPLICATE_METHOD_MATCH = YES;
				COPY_PHASE_STRIP = NO;
				DEBUG_INFORMATION_FORMAT = dwarf;
				ENABLE_STRICT_OBJC_MSGSEND = YES;
				ENABLE_TESTABILITY = YES;
				GCC_C_LANGUAGE_STANDARD = gnu11;
				GCC_DYNAMIC_NO_PIC = NO;
				GCC_NO_COMMON_BLOCKS = YES;
				GCC_OPTIMIZATION_LEVEL = 0;
				GCC_PREPROCESSOR_DEFINITIONS = (
					"DEBUG=1",
					"$(inherited)",
				);
				GCC_WARN_64_TO_32_BIT_CONVERSION = YES;
				GCC_WARN_ABOUT_RETURN_TYPE = YES_ERROR;
				GCC_WARN_UNDECLARED_SELECTOR = YES;
				GCC_WARN_UNINITIALIZED_AUTOS = YES_AGGRESSIVE;
				GCC_WARN_UNUSED_FUNCTION = YES;
				GCC_WARN_UNUSED_VARIABLE = YES;
				IPHONEOS_DEPLOYMENT_TARGET = 14.1;
				MTL_ENABLE_DEBUG_INFO = INCLUDE_SOURCE;
				MTL_FAST_MATH = YES;
				ONLY_ACTIVE_ARCH = YES;
				SDKROOT = iphoneos;
				SWIFT_ACTIVE_COMPILATION_CONDITIONS = DEBUG;
				SWIFT_OPTIMIZATION_LEVEL = "-Onone";
			};
			name = Debug;
		};
		B957D7B025527C4D00D89909 /* Release */ = {
			isa = XCBuildConfiguration;
			buildSettings = {
				ALWAYS_SEARCH_USER_PATHS = NO;
				CLANG_ANALYZER_NONNULL = YES;
				CLANG_ANALYZER_NUMBER_OBJECT_CONVERSION = YES_AGGRESSIVE;
				CLANG_CXX_LANGUAGE_STANDARD = "gnu++14";
				CLANG_CXX_LIBRARY = "libc++";
				CLANG_ENABLE_MODULES = YES;
				CLANG_ENABLE_OBJC_ARC = YES;
				CLANG_ENABLE_OBJC_WEAK = YES;
				CLANG_WARN_BLOCK_CAPTURE_AUTORELEASING = YES;
				CLANG_WARN_BOOL_CONVERSION = YES;
				CLANG_WARN_COMMA = YES;
				CLANG_WARN_CONSTANT_CONVERSION = YES;
				CLANG_WARN_DEPRECATED_OBJC_IMPLEMENTATIONS = YES;
				CLANG_WARN_DIRECT_OBJC_ISA_USAGE = YES_ERROR;
				CLANG_WARN_DOCUMENTATION_COMMENTS = YES;
				CLANG_WARN_EMPTY_BODY = YES;
				CLANG_WARN_ENUM_CONVERSION = YES;
				CLANG_WARN_INFINITE_RECURSION = YES;
				CLANG_WARN_INT_CONVERSION = YES;
				CLANG_WARN_NON_LITERAL_NULL_CONVERSION = YES;
				CLANG_WARN_OBJC_IMPLICIT_RETAIN_SELF = YES;
				CLANG_WARN_OBJC_LITERAL_CONVERSION = YES;
				CLANG_WARN_OBJC_ROOT_CLASS = YES_ERROR;
				CLANG_WARN_QUOTED_INCLUDE_IN_FRAMEWORK_HEADER = YES;
				CLANG_WARN_RANGE_LOOP_ANALYSIS = YES;
				CLANG_WARN_STRICT_PROTOTYPES = YES;
				CLANG_WARN_SUSPICIOUS_MOVE = YES;
				CLANG_WARN_UNGUARDED_AVAILABILITY = YES_AGGRESSIVE;
				CLANG_WARN_UNREACHABLE_CODE = YES;
				CLANG_WARN__DUPLICATE_METHOD_MATCH = YES;
				COPY_PHASE_STRIP = NO;
				DEBUG_INFORMATION_FORMAT = "dwarf-with-dsym";
				ENABLE_NS_ASSERTIONS = NO;
				ENABLE_STRICT_OBJC_MSGSEND = YES;
				GCC_C_LANGUAGE_STANDARD = gnu11;
				GCC_NO_COMMON_BLOCKS = YES;
				GCC_WARN_64_TO_32_BIT_CONVERSION = YES;
				GCC_WARN_ABOUT_RETURN_TYPE = YES_ERROR;
				GCC_WARN_UNDECLARED_SELECTOR = YES;
				GCC_WARN_UNINITIALIZED_AUTOS = YES_AGGRESSIVE;
				GCC_WARN_UNUSED_FUNCTION = YES;
				GCC_WARN_UNUSED_VARIABLE = YES;
				IPHONEOS_DEPLOYMENT_TARGET = 14.1;
				MTL_ENABLE_DEBUG_INFO = NO;
				MTL_FAST_MATH = YES;
				SDKROOT = iphoneos;
				SWIFT_COMPILATION_MODE = wholemodule;
				SWIFT_OPTIMIZATION_LEVEL = "-O";
				VALIDATE_PRODUCT = YES;
			};
			name = Release;
		};
		B957D7B225527C4D00D89909 /* Debug */ = {
			isa = XCBuildConfiguration;
			baseConfigurationReference = E08F1BCBCA89DB51B9806C40 /* Pods-ChatWithGlobalRadius.debug.xcconfig */;
			buildSettings = {
				ASSETCATALOG_COMPILER_APPICON_NAME = AppIcon;
				ASSETCATALOG_COMPILER_GLOBAL_ACCENT_COLOR_NAME = AccentColor;
				CODE_SIGN_STYLE = Automatic;
				DEVELOPMENT_ASSET_PATHS = "\"ChatWithGlobalRadius/Preview Content\"";
				DEVELOPMENT_TEAM = DHD4365Q83;
				ENABLE_PREVIEWS = YES;
				FRAMEWORK_SEARCH_PATHS = (
					"$(inherited)",
					"$(PROJECT_DIR)",
				);
				INFOPLIST_FILE = ChatWithGlobalRadius/Info.plist;
				IPHONEOS_DEPLOYMENT_TARGET = 14.0;
				LD_RUNPATH_SEARCH_PATHS = (
					"$(inherited)",
					"@executable_path/Frameworks",
				);
				PRODUCT_BUNDLE_IDENTIFIER = TeuerStein.ChatWithGlobalRadius;
				PRODUCT_NAME = "$(TARGET_NAME)";
				SWIFT_VERSION = 5.0;
				TARGETED_DEVICE_FAMILY = "1,2";
			};
			name = Debug;
		};
		B957D7B325527C4D00D89909 /* Release */ = {
			isa = XCBuildConfiguration;
			baseConfigurationReference = 254148CC585DEFD7390A7C93 /* Pods-ChatWithGlobalRadius.release.xcconfig */;
			buildSettings = {
				ASSETCATALOG_COMPILER_APPICON_NAME = AppIcon;
				ASSETCATALOG_COMPILER_GLOBAL_ACCENT_COLOR_NAME = AccentColor;
				CODE_SIGN_STYLE = Automatic;
				DEVELOPMENT_ASSET_PATHS = "\"ChatWithGlobalRadius/Preview Content\"";
				DEVELOPMENT_TEAM = DHD4365Q83;
				ENABLE_PREVIEWS = YES;
				FRAMEWORK_SEARCH_PATHS = (
					"$(inherited)",
					"$(PROJECT_DIR)",
				);
				INFOPLIST_FILE = ChatWithGlobalRadius/Info.plist;
				IPHONEOS_DEPLOYMENT_TARGET = 14.0;
				LD_RUNPATH_SEARCH_PATHS = (
					"$(inherited)",
					"@executable_path/Frameworks",
				);
				PRODUCT_BUNDLE_IDENTIFIER = TeuerStein.ChatWithGlobalRadius;
				PRODUCT_NAME = "$(TARGET_NAME)";
				SWIFT_VERSION = 5.0;
				TARGETED_DEVICE_FAMILY = "1,2";
			};
			name = Release;
		};
/* End XCBuildConfiguration section */

/* Begin XCConfigurationList section */
		B957D79D25527C4C00D89909 /* Build configuration list for PBXProject "ChatWithGlobalRadius" */ = {
			isa = XCConfigurationList;
			buildConfigurations = (
				B957D7AF25527C4D00D89909 /* Debug */,
				B957D7B025527C4D00D89909 /* Release */,
			);
			defaultConfigurationIsVisible = 0;
			defaultConfigurationName = Release;
		};
		B957D7B125527C4D00D89909 /* Build configuration list for PBXNativeTarget "ChatWithGlobalRadius" */ = {
			isa = XCConfigurationList;
			buildConfigurations = (
				B957D7B225527C4D00D89909 /* Debug */,
				B957D7B325527C4D00D89909 /* Release */,
			);
			defaultConfigurationIsVisible = 0;
			defaultConfigurationName = Release;
		};
/* End XCConfigurationList section */
	};
	rootObject = B957D79A25527C4C00D89909 /* Project object */;
}
